
Microsoft Visual Studio Solution File, Format Version 12.00
# Visual Studio Version 17
VisualStudioVersion = 17.4.33103.184
MinimumVisualStudioVersion = 10.0.40219.1
Project("{FAE04EC0-301F-11D3-BF4B-00C04F79EFBC}") = "DigitalSignature", "DigitalSignature\DigitalSignature.csproj", "{E272E37B-906A-4CF7-B6E3-4CF2AF59172F}"
EndProject
Global
	GlobalSection(SolutionConfigurationPlatforms) = preSolution
		Debug|Any CPU = Debug|Any CPU
		Release|Any CPU = Release|Any CPU
	EndGlobalSection
	GlobalSection(ProjectConfigurationPlatforms) = postSolution
		{E272E37B-906A-4CF7-B6E3-4CF2AF59172F}.Debug|Any CPU.ActiveCfg = Debug|Any CPU
		{E272E37B-906A-4CF7-B6E3-4CF2AF59172F}.Debug|Any CPU.Build.0 = Debug|Any CPU
		{E272E37B-906A-4CF7-B6E3-4CF2AF59172F}.Release|Any CPU.ActiveCfg = Release|Any CPU
		{E272E37B-906A-4CF7-B6E3-4CF2AF59172F}.Release|Any CPU.Build.0 = Release|Any CPU
	EndGlobalSection
	GlobalSection(SolutionProperties) = preSolution
		HideSolutionNode = FALSE
	EndGlobalSection
	GlobalSection(ExtensibilityGlobals) = postSolution
		SolutionGuid = {06A2952A-1DE7-4028-BBFA-FE91B22DF941}
	EndGlobalSection
EndGlobal
