
Microsoft Visual Studio Solution File, Format Version 12.00
# Visual Studio Version 17
VisualStudioVersion = 17.2.32526.322
MinimumVisualStudioVersion = 10.0.40219.1
Project("{9A19103F-16F7-4668-BE54-9A1E7A4F7556}") = "Digital-BE", "Digital-BE\Digital-BE.csproj", "{BE1D43CF-6B1B-4A48-AE5C-94CE671BE6ED}"
EndProject
Project("{9A19103F-16F7-4668-BE54-9A1E7A4F7556}") = "Digital.Data", "Digital.Data\Digital.Data.csproj", "{7ED33E9E-0315-492A-AC27-D2DFD14BEFCA}"
EndProject
Project("{9A19103F-16F7-4668-BE54-9A1E7A4F7556}") = "Digital.Infrastructure", "Digital.Infrastructure\Digital.Infrastructure.csproj", "{30D1DB24-AC42-40B5-831B-68FC9B3FA543}"
EndProject
Global
	GlobalSection(SolutionConfigurationPlatforms) = preSolution
		Debug|Any CPU = Debug|Any CPU
		Release|Any CPU = Release|Any CPU
	EndGlobalSection
	GlobalSection(ProjectConfigurationPlatforms) = postSolution
		{BE1D43CF-6B1B-4A48-AE5C-94CE671BE6ED}.Debug|Any CPU.ActiveCfg = Debug|Any CPU
		{BE1D43CF-6B1B-4A48-AE5C-94CE671BE6ED}.Debug|Any CPU.Build.0 = Debug|Any CPU
		{BE1D43CF-6B1B-4A48-AE5C-94CE671BE6ED}.Release|Any CPU.ActiveCfg = Release|Any CPU
		{BE1D43CF-6B1B-4A48-AE5C-94CE671BE6ED}.Release|Any CPU.Build.0 = Release|Any CPU
		{7ED33E9E-0315-492A-AC27-D2DFD14BEFCA}.Debug|Any CPU.ActiveCfg = Debug|Any CPU
		{7ED33E9E-0315-492A-AC27-D2DFD14BEFCA}.Debug|Any CPU.Build.0 = Debug|Any CPU
		{7ED33E9E-0315-492A-AC27-D2DFD14BEFCA}.Release|Any CPU.ActiveCfg = Release|Any CPU
		{7ED33E9E-0315-492A-AC27-D2DFD14BEFCA}.Release|Any CPU.Build.0 = Release|Any CPU
		{30D1DB24-AC42-40B5-831B-68FC9B3FA543}.Debug|Any CPU.ActiveCfg = Debug|Any CPU
		{30D1DB24-AC42-40B5-831B-68FC9B3FA543}.Debug|Any CPU.Build.0 = Debug|Any CPU
		{30D1DB24-AC42-40B5-831B-68FC9B3FA543}.Release|Any CPU.ActiveCfg = Release|Any CPU
		{30D1DB24-AC42-40B5-831B-68FC9B3FA543}.Release|Any CPU.Build.0 = Release|Any CPU
	EndGlobalSection
	GlobalSection(SolutionProperties) = preSolution
		HideSolutionNode = FALSE
	EndGlobalSection
	GlobalSection(ExtensibilityGlobals) = postSolution
		SolutionGuid = {0FD0166F-DD2C-41D2-A260-05DFD5D1FD1C}
	EndGlobalSection
EndGlobal
